PODS:
  - MJRefresh (3.1.15.7)
  - XFLoadingHUD (0.2.3):
    - MJRefresh

DEPENDENCIES:
  - XFLoadingHUD (from `../`)

SPEC REPOS:
  https://github.com/cocoapods/specs.git:
    - MJRefresh

EXTERNAL SOURCES:
  XFLoadingHUD:
    :path: "../"

SPEC CHECKSUMS:
  MJRefresh: 697f8ec75ebdbe9207767bb682cf0f51b0d8a41f
  XFLoadingHUD: a9e7650dc799fa7f2b6dd6490f52a69ba2bec3a6

PODFILE CHECKSUM: 5c97fd0abf70793b5536ff02d5067d32e1e471b9

COCOAPODS: 1.6.1
